
Microsoft Visual Studio Solution File, Format Version 12.00
# Visual Studio Version 17
VisualStudioVersion = 17.8.34316.72
MinimumVisualStudioVersion = 10.0.40219.1
Project("{FAE04EC0-301F-11D3-BF4B-00C04F79EFBC}") = "HEHE", "HEHE\HEHE.csproj", "{879D6F79-45D4-4F88-8AD2-DD273C46FB3B}"
EndProject
Global
	GlobalSection(SolutionConfigurationPlatforms) = preSolution
		Debug|Any CPU = Debug|Any CPU
		Release|Any CPU = Release|Any CPU
	EndGlobalSection
	GlobalSection(ProjectConfigurationPlatforms) = postSolution
		{879D6F79-45D4-4F88-8AD2-DD273C46FB3B}.Debug|Any CPU.ActiveCfg = Debug|Any CPU
		{879D6F79-45D4-4F88-8AD2-DD273C46FB3B}.Debug|Any CPU.Build.0 = Debug|Any CPU
		{879D6F79-45D4-4F88-8AD2-DD273C46FB3B}.Release|Any CPU.ActiveCfg = Release|Any CPU
		{879D6F79-45D4-4F88-8AD2-DD273C46FB3B}.Release|Any CPU.Build.0 = Release|Any CPU
	EndGlobalSection
	GlobalSection(SolutionProperties) = preSolution
		HideSolutionNode = FALSE
	EndGlobalSection
	GlobalSection(ExtensibilityGlobals) = postSolution
		SolutionGuid = {4CC2FE36-CE5E-4ED6-9A99-00559BFA0B55}
	EndGlobalSection
EndGlobal
